<?xml version="1.0" encoding="utf-8"?>
<Project ToolsVersion="4.0" xmlns="http://schemas.microsoft.com/developer/msbuild/2003">
  <ItemGroup>
    <ClCompile Include="driver.cpp">
      <Filter>Source Files</Filter>
    </ClCompile>
    <ClCompile Include="ecbs_node.cpp">
      <Filter>Source Files</Filter>
    </ClCompile>
    <ClCompile Include="ICBSNode.cpp">
      <Filter>Source Files</Filter>
    </ClCompile>
    <ClCompile Include="ICBSSearch.cpp">
      <Filter>Source Files</Filter>
    </ClCompile>
    <ClCompile Include="LLNode.cpp">
      <Filter>Source Files</Filter>
    </ClCompile>
    <ClCompile Include="MDD.cpp">
      <Filter>Source Files</Filter>
    </ClCompile>
    <ClCompile Include="searchgraph.cpp">
      <Filter>Source Files</Filter>
    </ClCompile>
    <ClCompile Include="single_agent_ecbs.cpp">
      <Filter>Source Files</Filter>
    </ClCompile>
    <ClCompile Include="conflict.cpp">
      <Filter>Source Files</Filter>
    </ClCompile>
  </ItemGroup>
  <ItemGroup>
    <ClInclude Include="ecbs_node.h">
      <Filter>Header Files</Filter>
    </ClInclude>
    <ClInclude Include="ICBSNode.h">
      <Filter>Header Files</Filter>
    </ClInclude>
    <ClInclude Include="ICBSSearch.h">
      <Filter>Header Files</Filter>
    </ClInclude>
    <ClInclude Include="LLNode.h">
      <Filter>Header Files</Filter>
    </ClInclude>
    <ClInclude Include="MDD.h">
      <Filter>Header Files</Filter>
    </ClInclude>
    <ClInclude Include="searchgraph.h">
      <Filter>Header Files</Filter>
    </ClInclude>
    <ClInclude Include="conflict.h">
      <Filter>Header Files</Filter>
    </ClInclude>
    <ClInclude Include="single_agent_ecbs.h">
      <Filter>Header Files</Filter>
    </ClInclude>
  </ItemGroup>
  <ItemGroup>
    <Filter Include="Header Files">
      <UniqueIdentifier>{ce14ede2-2be5-49ea-a6d7-0b73d6045e7f}</UniqueIdentifier>
    </Filter>
    <Filter Include="Source Files">
      <UniqueIdentifier>{6737cb97-36fd-4ff8-8453-d035199e8f92}</UniqueIdentifier>
    </Filter>
  </ItemGroup>
</Project>