<?xml version="1.0" encoding="utf-8"?>
<Project ToolsVersion="4.0" xmlns="http://schemas.microsoft.com/developer/msbuild/2003">
  <ItemGroup>
    <Filter Include="Header Files">
      <UniqueIdentifier>{b66912b9-c2c8-4556-9abc-e6841908d5d0}</UniqueIdentifier>
    </Filter>
    <Filter Include="Source Files">
      <UniqueIdentifier>{b2852c21-d016-4343-9f6b-73e08e6fbfb0}</UniqueIdentifier>
    </Filter>
  </ItemGroup>
  <ItemGroup>
    <ClCompile Include="agents_loader.cpp">
      <Filter>Source Files</Filter>
    </ClCompile>
    <ClCompile Include="driver.cpp">
      <Filter>Source Files</Filter>
    </ClCompile>
    <ClCompile Include="epea_node.cpp">
      <Filter>Source Files</Filter>
    </ClCompile>
    <ClCompile Include="epea_search.cpp">
      <Filter>Source Files</Filter>
    </ClCompile>
    <ClCompile Include="map_loader.cpp">
      <Filter>Source Files</Filter>
    </ClCompile>
    <ClCompile Include="MDD.cpp">
      <Filter>Source Files</Filter>
    </ClCompile>
    <ClCompile Include="node.cpp">
      <Filter>Source Files</Filter>
    </ClCompile>
    <ClCompile Include="icbs_search.cpp">
      <Filter>Source Files</Filter>
    </ClCompile>
    <ClCompile Include="icbs_node.cpp">
      <Filter>Source Files</Filter>
    </ClCompile>
    <ClCompile Include="single_agent_icbs.cpp">
      <Filter>Source Files</Filter>
    </ClCompile>
    <ClCompile Include="compute_heuristic.cpp">
      <Filter>Source Files</Filter>
    </ClCompile>
    <ClCompile Include="conflict.cpp">
      <Filter>Source Files</Filter>
    </ClCompile>
  </ItemGroup>
  <ItemGroup>
    <ClInclude Include="agents_loader.h">
      <Filter>Header Files</Filter>
    </ClInclude>
    <ClInclude Include="epea_node.h">
      <Filter>Header Files</Filter>
    </ClInclude>
    <ClInclude Include="epea_search.h">
      <Filter>Header Files</Filter>
    </ClInclude>
    <ClInclude Include="map_loader.h">
      <Filter>Header Files</Filter>
    </ClInclude>
    <ClInclude Include="node.h">
      <Filter>Header Files</Filter>
    </ClInclude>
    <ClInclude Include="icbs_node.h">
      <Filter>Header Files</Filter>
    </ClInclude>
    <ClInclude Include="icbs_search.h">
      <Filter>Header Files</Filter>
    </ClInclude>
    <ClInclude Include="single_agent_icbs.h">
      <Filter>Header Files</Filter>
    </ClInclude>
    <ClInclude Include="mdd.h">
      <Filter>Header Files</Filter>
    </ClInclude>
    <ClInclude Include="compute_heuristic.h">
      <Filter>Header Files</Filter>
    </ClInclude>
    <ClInclude Include="conflict.h">
      <Filter>Header Files</Filter>
    </ClInclude>
  </ItemGroup>
</Project>